
Microsoft Visual Studio Solution File, Format Version 12.00
# Visual Studio Version 17
VisualStudioVersion = 17.9.34723.18
MinimumVisualStudioVersion = 10.0.40219.1
Project("{9A19103F-16F7-4668-BE54-9A1E7A4F7556}") = "PublisherIO.Consola", "PublisherIO.Consola\PublisherIO.Consola.csproj", "{A119EB81-5A90-4217-B55F-A9623FF3A81E}"
EndProject
Project("{9A19103F-16F7-4668-BE54-9A1E7A4F7556}") = "PublisherIO.Data", "PublisherIO.Data\PublisherIO.Data.csproj", "{D1D99657-F113-4EDE-8B38-1F39D87E5312}"
EndProject
Project("{9A19103F-16F7-4668-BE54-9A1E7A4F7556}") = "PublisherIO.Entidades", "PublisherIO.Entidades\PublisherIO.Entidades.csproj", "{4061350D-3EB1-46EE-884A-7EA0D51E7B33}"
EndProject
Project("{FAE04EC0-301F-11D3-BF4B-00C04F79EFBC}") = "PublisherIO.Shared", "PublisherIO.Shared\PublisherIO.Shared.csproj", "{59159B78-8F5E-4F07-B670-A91EE797830D}"
EndProject
Global
	GlobalSection(SolutionConfigurationPlatforms) = preSolution
		Debug|Any CPU = Debug|Any CPU
		Release|Any CPU = Release|Any CPU
	EndGlobalSection
	GlobalSection(ProjectConfigurationPlatforms) = postSolution
		{A119EB81-5A90-4217-B55F-A9623FF3A81E}.Debug|Any CPU.ActiveCfg = Debug|Any CPU
		{A119EB81-5A90-4217-B55F-A9623FF3A81E}.Debug|Any CPU.Build.0 = Debug|Any CPU
		{A119EB81-5A90-4217-B55F-A9623FF3A81E}.Release|Any CPU.ActiveCfg = Release|Any CPU
		{A119EB81-5A90-4217-B55F-A9623FF3A81E}.Release|Any CPU.Build.0 = Release|Any CPU
		{D1D99657-F113-4EDE-8B38-1F39D87E5312}.Debug|Any CPU.ActiveCfg = Debug|Any CPU
		{D1D99657-F113-4EDE-8B38-1F39D87E5312}.Debug|Any CPU.Build.0 = Debug|Any CPU
		{D1D99657-F113-4EDE-8B38-1F39D87E5312}.Release|Any CPU.ActiveCfg = Release|Any CPU
		{D1D99657-F113-4EDE-8B38-1F39D87E5312}.Release|Any CPU.Build.0 = Release|Any CPU
		{4061350D-3EB1-46EE-884A-7EA0D51E7B33}.Debug|Any CPU.ActiveCfg = Debug|Any CPU
		{4061350D-3EB1-46EE-884A-7EA0D51E7B33}.Debug|Any CPU.Build.0 = Debug|Any CPU
		{4061350D-3EB1-46EE-884A-7EA0D51E7B33}.Release|Any CPU.ActiveCfg = Release|Any CPU
		{4061350D-3EB1-46EE-884A-7EA0D51E7B33}.Release|Any CPU.Build.0 = Release|Any CPU
		{59159B78-8F5E-4F07-B670-A91EE797830D}.Debug|Any CPU.ActiveCfg = Debug|Any CPU
		{59159B78-8F5E-4F07-B670-A91EE797830D}.Debug|Any CPU.Build.0 = Debug|Any CPU
		{59159B78-8F5E-4F07-B670-A91EE797830D}.Release|Any CPU.ActiveCfg = Release|Any CPU
		{59159B78-8F5E-4F07-B670-A91EE797830D}.Release|Any CPU.Build.0 = Release|Any CPU
	EndGlobalSection
	GlobalSection(SolutionProperties) = preSolution
		HideSolutionNode = FALSE
	EndGlobalSection
	GlobalSection(ExtensibilityGlobals) = postSolution
		SolutionGuid = {5728459B-0727-4DDD-9CF4-BFFFE53CDF63}
	EndGlobalSection
EndGlobal
